# generated by rye
# use `rye lock` or `rye sync` to update this lockfile
#
# last locked with the following flags:
#   pre: false
#   features: []
#   all-features: false
#   with-sources: false
#   generate-hashes: false
#   universal: false

-e file:.
aiohappyeyeballs==2.6.1
    # via aiohttp
aiohttp==3.13.5
    # via litellm
    # via nlq-data-agent
aiosignal==1.4.0
    # via aiohttp
altair==6.1.0
    # via streamlit
annotated-doc==0.0.4
    # via typer
annotated-types==0.7.0
    # via pydantic
anyio==4.13.0
    # via httpx
    # via openai
    # via starlette
    # via streamlit
attrs==26.1.0
    # via aiohttp
    # via jsonschema
    # via referencing
blinker==1.9.0
    # via streamlit
cachetools==7.1.1
    # via streamlit
certifi==2026.4.22
    # via httpcore
    # via httpx
    # via requests
cffi==2.0.0
    # via cryptography
charset-normalizer==3.4.7
    # via requests
click==8.1.8
    # via litellm
    # via streamlit
    # via typer
    # via uvicorn
cryptography==48.0.0
    # via google-auth
db-dtypes==1.5.1
    # via nlq-data-agent
distro==1.9.0
    # via openai
fastuuid==0.14.0
    # via litellm
filelock==3.29.0
    # via huggingface-hub
    # via torch
frozenlist==1.8.0
    # via aiohttp
    # via aiosignal
fsspec==2026.4.0
    # via huggingface-hub
    # via torch
gitdb==4.0.12
    # via gitpython
gitpython==3.1.50
    # via streamlit
google-api-core==2.30.3
    # via google-cloud-bigquery
    # via google-cloud-core
google-auth==2.50.0
    # via google-api-core
    # via google-cloud-bigquery
    # via google-cloud-core
google-cloud-bigquery==3.41.0
    # via nlq-data-agent
google-cloud-core==2.5.1
    # via google-cloud-bigquery
google-crc32c==1.8.0
    # via google-resumable-media
google-resumable-media==2.8.2
    # via google-cloud-bigquery
googleapis-common-protos==1.74.0
    # via google-api-core
    # via grpcio-status
grpcio==1.80.0
    # via google-api-core
    # via grpcio-status
grpcio-status==1.80.0
    # via google-api-core
h11==0.16.0
    # via httpcore
    # via uvicorn
hf-xet==1.5.0
    # via huggingface-hub
httpcore==1.0.9
    # via httpx
httptools==0.7.1
    # via streamlit
httpx==0.28.1
    # via huggingface-hub
    # via litellm
    # via openai
huggingface-hub==1.13.0
    # via sentence-transformers
    # via tokenizers
    # via transformers
idna==3.13
    # via anyio
    # via httpx
    # via requests
    # via yarl
importlib-metadata==8.5.0
    # via litellm
itsdangerous==2.2.0
    # via streamlit
jinja2==3.1.6
    # via altair
    # via litellm
    # via nlq-data-agent
    # via pydeck
    # via torch
jiter==0.14.0
    # via openai
joblib==1.5.3
    # via scikit-learn
jsonschema==4.23.0
    # via altair
    # via litellm
jsonschema-specifications==2025.9.1
    # via jsonschema
litellm==1.83.7
    # via nlq-data-agent
markdown-it-py==4.0.0
    # via rich
markupsafe==3.0.3
    # via jinja2
mdurl==0.1.2
    # via markdown-it-py
mpmath==1.3.0
    # via sympy
multidict==6.7.1
    # via aiohttp
    # via yarl
narwhals==2.20.0
    # via altair
    # via plotly
networkx==3.6.1
    # via torch
numpy==2.4.4
    # via db-dtypes
    # via nlq-data-agent
    # via pandas
    # via pydeck
    # via scikit-learn
    # via scipy
    # via sentence-transformers
    # via streamlit
    # via transformers
openai==2.30.0
    # via litellm
packaging==26.2
    # via altair
    # via db-dtypes
    # via google-cloud-bigquery
    # via huggingface-hub
    # via plotly
    # via streamlit
    # via transformers
pandas==2.3.3
    # via db-dtypes
    # via nlq-data-agent
    # via streamlit
pillow==12.2.0
    # via streamlit
plotly==6.7.0
    # via nlq-data-agent
propcache==0.4.1
    # via aiohttp
    # via yarl
proto-plus==1.27.2
    # via google-api-core
protobuf==6.33.6
    # via google-api-core
    # via googleapis-common-protos
    # via grpcio-status
    # via proto-plus
    # via streamlit
pyarrow==24.0.0
    # via db-dtypes
    # via streamlit
pyasn1==0.6.3
    # via pyasn1-modules
pyasn1-modules==0.4.2
    # via google-auth
pycparser==3.0
    # via cffi
pydantic==2.12.5
    # via litellm
    # via nlq-data-agent
    # via openai
    # via pydantic-settings
pydantic-core==2.41.5
    # via pydantic
pydantic-settings==2.14.0
    # via nlq-data-agent
pydeck==0.9.2
    # via streamlit
pygments==2.20.0
    # via rich
python-dateutil==2.9.0.post0
    # via google-cloud-bigquery
    # via pandas
python-dotenv==1.0.1
    # via litellm
    # via nlq-data-agent
    # via pydantic-settings
python-multipart==0.0.27
    # via streamlit
pytz==2026.2
    # via pandas
pyyaml==6.0.3
    # via huggingface-hub
    # via nlq-data-agent
    # via transformers
referencing==0.37.0
    # via jsonschema
    # via jsonschema-specifications
regex==2026.4.4
    # via tiktoken
    # via transformers
requests==2.33.1
    # via google-api-core
    # via google-cloud-bigquery
    # via streamlit
    # via tiktoken
rich==15.0.0
    # via typer
rpds-py==0.30.0
    # via jsonschema
    # via referencing
safetensors==0.7.0
    # via transformers
scikit-learn==1.8.0
    # via sentence-transformers
scipy==1.17.1
    # via nlq-data-agent
    # via scikit-learn
    # via sentence-transformers
sentence-transformers==5.4.1
    # via nlq-data-agent
setuptools==81.0.0
    # via torch
shellingham==1.5.4
    # via typer
six==1.17.0
    # via python-dateutil
smmap==5.0.3
    # via gitdb
sniffio==1.3.1
    # via openai
sqlglot==30.7.0
    # via nlq-data-agent
starlette==1.0.0
    # via streamlit
streamlit==1.57.0
    # via nlq-data-agent
sympy==1.14.0
    # via torch
tenacity==9.1.4
    # via nlq-data-agent
    # via streamlit
threadpoolctl==3.6.0
    # via scikit-learn
tiktoken==0.12.0
    # via litellm
tokenizers==0.22.2
    # via litellm
    # via transformers
toml==0.10.2
    # via streamlit
torch==2.11.0
    # via sentence-transformers
tqdm==4.67.3
    # via huggingface-hub
    # via openai
    # via sentence-transformers
    # via transformers
transformers==5.8.0
    # via sentence-transformers
typer==0.23.1
    # via huggingface-hub
    # via transformers
typing-extensions==4.15.0
    # via aiosignal
    # via altair
    # via anyio
    # via grpcio
    # via huggingface-hub
    # via openai
    # via pydantic
    # via pydantic-core
    # via referencing
    # via sentence-transformers
    # via starlette
    # via streamlit
    # via torch
    # via typing-inspection
typing-inspection==0.4.2
    # via pydantic
    # via pydantic-settings
tzdata==2026.2
    # via pandas
urllib3==2.6.3
    # via requests
uvicorn==0.46.0
    # via streamlit
websockets==16.0
    # via streamlit
yarl==1.23.0
    # via aiohttp
zipp==3.23.1
    # via importlib-metadata
